{
  "requires": true,
  "lockfileVersion": 1,
  "dependencies": {
    "photo-sphere-viewer": {
      "version": "4.0.5",
      "resolved": "https://registry.npmjs.org/photo-sphere-viewer/-/photo-sphere-viewer-4.0.5.tgz",
      "integrity": "sha512-xenVoo2f5OI86AH/yAHzFRG+eRd1AwU5eQKKsVE8XAIb9Gpr/5STklINyUexwduw018ynzr8Umod255O10c/CQ==",
      "requires": {
        "three": "^0.116.0",
        "uevent": "~2.0.0"
      }
    },
    "promise-polyfill": {
      "version": "8.1.3",
      "resolved": "https://registry.npmjs.org/promise-polyfill/-/promise-polyfill-8.1.3.tgz",
      "integrity": "sha512-MG5r82wBzh7pSKDRa9y+vllNHz3e3d4CNj1PQE4BQYxLme0gKYYBm9YENq+UkEikyZ0XbiGWxYlVw3Rl9O/U8g=="
    },
    "three": {
      "version": "0.116.1",
      "resolved": "https://registry.npmjs.org/three/-/three-0.116.1.tgz",
      "integrity": "sha512-l2JCMiA/lVZAuSrLWRYMalvpR+0j8hbIhCpfs4V6JFnw2+JQEQJ5HltNpfFr+9TDpQts1BhtcISehWf/xBGPvQ=="
    },
    "uevent": {
      "version": "2.0.0",
      "resolved": "https://registry.npmjs.org/uevent/-/uevent-2.0.0.tgz",
      "integrity": "sha512-UWXwwdYnrc/q2AibFqZpq77aKl+uOQdmAZ4SZf4B8kG1Y3eDFGiYqfZ4kaiQZ3jxZDX8XgDm84AAcIWeGu63Zw=="
    }
  }
}
